
Microsoft Visual Studio Solution File, Format Version 12.00
# Visual Studio 14
VisualStudioVersion = 14.0.25420.1
MinimumVisualStudioVersion = 10.0.40219.1
Project("{FAE04EC0-301F-11D3-BF4B-00C04F79EFBC}") = "OwinExampleConsoleApplication", "OwinExampleConsoleApplication\OwinExampleConsoleApplication.csproj", "{4BBE7DD7-5E76-4134-A711-38C4A47A6C4B}"
EndProject
Project("{FAE04EC0-301F-11D3-BF4B-00C04F79EFBC}") = "AuthenticationApplication", "AuthenticationApplication\AuthenticationApplication.csproj", "{95767866-D443-487F-8615-EB5F55DAAA6A}"
EndProject
Global
	GlobalSection(SolutionConfigurationPlatforms) = preSolution
		Debug|Any CPU = Debug|Any CPU
		Release|Any CPU = Release|Any CPU
	EndGlobalSection
	GlobalSection(ProjectConfigurationPlatforms) = postSolution
		{4BBE7DD7-5E76-4134-A711-38C4A47A6C4B}.Debug|Any CPU.ActiveCfg = Debug|Any CPU
		{4BBE7DD7-5E76-4134-A711-38C4A47A6C4B}.Debug|Any CPU.Build.0 = Debug|Any CPU
		{4BBE7DD7-5E76-4134-A711-38C4A47A6C4B}.Release|Any CPU.ActiveCfg = Release|Any CPU
		{4BBE7DD7-5E76-4134-A711-38C4A47A6C4B}.Release|Any CPU.Build.0 = Release|Any CPU
		{95767866-D443-487F-8615-EB5F55DAAA6A}.Debug|Any CPU.ActiveCfg = Debug|Any CPU
		{95767866-D443-487F-8615-EB5F55DAAA6A}.Debug|Any CPU.Build.0 = Debug|Any CPU
		{95767866-D443-487F-8615-EB5F55DAAA6A}.Release|Any CPU.ActiveCfg = Release|Any CPU
		{95767866-D443-487F-8615-EB5F55DAAA6A}.Release|Any CPU.Build.0 = Release|Any CPU
	EndGlobalSection
	GlobalSection(SolutionProperties) = preSolution
		HideSolutionNode = FALSE
	EndGlobalSection
EndGlobal
