
Microsoft Visual Studio Solution File, Format Version 12.00
# Visual Studio 14
VisualStudioVersion = 14.0.25420.1
MinimumVisualStudioVersion = 10.0.40219.1
Project("{2150E333-8FDC-42A3-9474-1A3956D46DE8}") = "src", "src", "{E5E864E8-6358-492C-9917-779C8CD487B4}"
EndProject
Project("{2150E333-8FDC-42A3-9474-1A3956D46DE8}") = "Solution Items", "Solution Items", "{E3F6D507-389B-48EC-998F-726289C746FF}"
	ProjectSection(SolutionItems) = preProject
		global.json = global.json
	EndProjectSection
EndProject
Project("{8BB2217D-0F2D-49D1-97BC-3654ED321F3B}") = "WebApplication1", "src\WebApplication1\WebApplication1.xproj", "{7BB28AE4-8D8B-47E5-B60E-3FCC6276A9A4}"
EndProject
Global
	GlobalSection(SolutionConfigurationPlatforms) = preSolution
		Debug|Any CPU = Debug|Any CPU
		Release|Any CPU = Release|Any CPU
	EndGlobalSection
	GlobalSection(ProjectConfigurationPlatforms) = postSolution
		{7BB28AE4-8D8B-47E5-B60E-3FCC6276A9A4}.Debug|Any CPU.ActiveCfg = Debug|Any CPU
		{7BB28AE4-8D8B-47E5-B60E-3FCC6276A9A4}.Debug|Any CPU.Build.0 = Debug|Any CPU
		{7BB28AE4-8D8B-47E5-B60E-3FCC6276A9A4}.Release|Any CPU.ActiveCfg = Release|Any CPU
		{7BB28AE4-8D8B-47E5-B60E-3FCC6276A9A4}.Release|Any CPU.Build.0 = Release|Any CPU
	EndGlobalSection
	GlobalSection(SolutionProperties) = preSolution
		HideSolutionNode = FALSE
	EndGlobalSection
	GlobalSection(NestedProjects) = preSolution
		{7BB28AE4-8D8B-47E5-B60E-3FCC6276A9A4} = {E5E864E8-6358-492C-9917-779C8CD487B4}
	EndGlobalSection
EndGlobal
