
Microsoft Visual Studio Solution File, Format Version 12.00
# Visual Studio 14
VisualStudioVersion = 14.0.25420.1
MinimumVisualStudioVersion = 10.0.40219.1
Project("{2150E333-8FDC-42A3-9474-1A3956D46DE8}") = "src", "src", "{82AF0753-B47C-4430-8F19-E7E8B0FDB863}"
EndProject
Project("{2150E333-8FDC-42A3-9474-1A3956D46DE8}") = "Solution Items", "Solution Items", "{0D818700-916C-4D77-951F-C023997F6D15}"
	ProjectSection(SolutionItems) = preProject
		global.json = global.json
	EndProjectSection
EndProject
Project("{8BB2217D-0F2D-49D1-97BC-3654ED321F3B}") = "MVC6Application1", "src\MVC6Application1\MVC6Application1.xproj", "{0B340519-E01D-45F3-9BD6-A7C3E719B780}"
EndProject
Global
	GlobalSection(SolutionConfigurationPlatforms) = preSolution
		Debug|Any CPU = Debug|Any CPU
		Release|Any CPU = Release|Any CPU
	EndGlobalSection
	GlobalSection(ProjectConfigurationPlatforms) = postSolution
		{0B340519-E01D-45F3-9BD6-A7C3E719B780}.Debug|Any CPU.ActiveCfg = Debug|Any CPU
		{0B340519-E01D-45F3-9BD6-A7C3E719B780}.Debug|Any CPU.Build.0 = Debug|Any CPU
		{0B340519-E01D-45F3-9BD6-A7C3E719B780}.Release|Any CPU.ActiveCfg = Release|Any CPU
		{0B340519-E01D-45F3-9BD6-A7C3E719B780}.Release|Any CPU.Build.0 = Release|Any CPU
	EndGlobalSection
	GlobalSection(SolutionProperties) = preSolution
		HideSolutionNode = FALSE
	EndGlobalSection
	GlobalSection(NestedProjects) = preSolution
		{0B340519-E01D-45F3-9BD6-A7C3E719B780} = {82AF0753-B47C-4430-8F19-E7E8B0FDB863}
	EndGlobalSection
EndGlobal
